
Microsoft Visual Studio Solution File, Format Version 11.00
# Visual C++ Express 2010
Project("{8BC9CEB8-8B4A-11D0-8D11-00A0C91BC942}") = "Utils", "..\Projects\Utils\Utils.vcxproj", "{13A4F4FC-06D3-441F-B235-320D9C145BFA}"
EndProject
Project("{8BC9CEB8-8B4A-11D0-8D11-00A0C91BC942}") = "TestSuite", "..\Projects\TestSuite\TestSuite.vcxproj", "{381A8136-0195-4A4F-BBCD-4AD754123425}"
EndProject
Project("{8BC9CEB8-8B4A-11D0-8D11-00A0C91BC942}") = "ObjectiveScript", "..\Projects\Core\Core.vcxproj", "{C6DB82E5-93BC-4A67-8D37-2FA7BEBDDF29}"
EndProject
Project("{8BC9CEB8-8B4A-11D0-8D11-00A0C91BC942}") = "oscript", "..\Projects\oscript\oscript.vcxproj", "{F60E42A5-1C6A-47E5-A040-977BE67C310D}"
EndProject
Project("{8BC9CEB8-8B4A-11D0-8D11-00A0C91BC942}") = "Extensions", "..\Projects\Extensions\Extensions.vcxproj", "{E4C9A60C-AA55-424F-8ABA-B82E60316724}"
EndProject
Project("{8BC9CEB8-8B4A-11D0-8D11-00A0C91BC942}") = "odebugger", "..\Projects\odebugger\odebugger.vcxproj", "{64729D9C-A0BA-4DBE-AC19-15FC85AFCB61}"
EndProject
Global
	GlobalSection(SolutionConfigurationPlatforms) = preSolution
		Debug|Win32 = Debug|Win32
		Release|Win32 = Release|Win32
	EndGlobalSection
	GlobalSection(ProjectConfigurationPlatforms) = postSolution
		{13A4F4FC-06D3-441F-B235-320D9C145BFA}.Debug|Win32.ActiveCfg = Debug|Win32
		{13A4F4FC-06D3-441F-B235-320D9C145BFA}.Debug|Win32.Build.0 = Debug|Win32
		{13A4F4FC-06D3-441F-B235-320D9C145BFA}.Release|Win32.ActiveCfg = Release|Win32
		{13A4F4FC-06D3-441F-B235-320D9C145BFA}.Release|Win32.Build.0 = Release|Win32
		{381A8136-0195-4A4F-BBCD-4AD754123425}.Debug|Win32.ActiveCfg = Debug|Win32
		{381A8136-0195-4A4F-BBCD-4AD754123425}.Debug|Win32.Build.0 = Debug|Win32
		{381A8136-0195-4A4F-BBCD-4AD754123425}.Release|Win32.ActiveCfg = Release|Win32
		{381A8136-0195-4A4F-BBCD-4AD754123425}.Release|Win32.Build.0 = Release|Win32
		{C6DB82E5-93BC-4A67-8D37-2FA7BEBDDF29}.Debug|Win32.ActiveCfg = Debug|Win32
		{C6DB82E5-93BC-4A67-8D37-2FA7BEBDDF29}.Debug|Win32.Build.0 = Debug|Win32
		{C6DB82E5-93BC-4A67-8D37-2FA7BEBDDF29}.Release|Win32.ActiveCfg = Release|Win32
		{C6DB82E5-93BC-4A67-8D37-2FA7BEBDDF29}.Release|Win32.Build.0 = Release|Win32
		{F60E42A5-1C6A-47E5-A040-977BE67C310D}.Debug|Win32.ActiveCfg = Debug|Win32
		{F60E42A5-1C6A-47E5-A040-977BE67C310D}.Debug|Win32.Build.0 = Debug|Win32
		{F60E42A5-1C6A-47E5-A040-977BE67C310D}.Release|Win32.ActiveCfg = Release|Win32
		{F60E42A5-1C6A-47E5-A040-977BE67C310D}.Release|Win32.Build.0 = Release|Win32
		{E4C9A60C-AA55-424F-8ABA-B82E60316724}.Debug|Win32.ActiveCfg = Debug|Win32
		{E4C9A60C-AA55-424F-8ABA-B82E60316724}.Debug|Win32.Build.0 = Debug|Win32
		{E4C9A60C-AA55-424F-8ABA-B82E60316724}.Release|Win32.ActiveCfg = Release|Win32
		{E4C9A60C-AA55-424F-8ABA-B82E60316724}.Release|Win32.Build.0 = Release|Win32
		{64729D9C-A0BA-4DBE-AC19-15FC85AFCB61}.Debug|Win32.ActiveCfg = Debug|Win32
		{64729D9C-A0BA-4DBE-AC19-15FC85AFCB61}.Debug|Win32.Build.0 = Debug|Win32
		{64729D9C-A0BA-4DBE-AC19-15FC85AFCB61}.Release|Win32.ActiveCfg = Release|Win32
		{64729D9C-A0BA-4DBE-AC19-15FC85AFCB61}.Release|Win32.Build.0 = Release|Win32
	EndGlobalSection
	GlobalSection(SolutionProperties) = preSolution
		HideSolutionNode = FALSE
	EndGlobalSection
EndGlobal
