
Microsoft Visual Studio Solution File, Format Version 10.00
# Visual C++ Express 2008
Project("{8BC9CEB8-8B4A-11D0-8D11-00A0C91BC942}") = "Utils", "..\Projects\Utils\Utils.vcproj", "{13A4F4FC-06D3-441F-B235-320D9C145BFA}"
EndProject
Project("{8BC9CEB8-8B4A-11D0-8D11-00A0C91BC942}") = "TestSuite", "..\Projects\TestSuite\TestSuite.vcproj", "{381A8136-0195-4A4F-BBCD-4AD754123425}"
	ProjectSection(ProjectDependencies) = postProject
		{E4C9A60C-AA55-424F-8ABA-B82E60316724} = {E4C9A60C-AA55-424F-8ABA-B82E60316724}
		{C6DB82E5-93BC-4A67-8D37-2FA7BEBDDF29} = {C6DB82E5-93BC-4A67-8D37-2FA7BEBDDF29}
		{13A4F4FC-06D3-441F-B235-320D9C145BFA} = {13A4F4FC-06D3-441F-B235-320D9C145BFA}
	EndProjectSection
EndProject
Project("{8BC9CEB8-8B4A-11D0-8D11-00A0C91BC942}") = "Slang", "..\Projects\Core\Core.vcproj", "{C6DB82E5-93BC-4A67-8D37-2FA7BEBDDF29}"
	ProjectSection(ProjectDependencies) = postProject
		{13A4F4FC-06D3-441F-B235-320D9C145BFA} = {13A4F4FC-06D3-441F-B235-320D9C145BFA}
	EndProjectSection
EndProject
Project("{8BC9CEB8-8B4A-11D0-8D11-00A0C91BC942}") = "oscript", "..\Projects\oscript\oscript.vcproj", "{F60E42A5-1C6A-47E5-A040-977BE67C310D}"
	ProjectSection(ProjectDependencies) = postProject
		{E4C9A60C-AA55-424F-8ABA-B82E60316724} = {E4C9A60C-AA55-424F-8ABA-B82E60316724}
		{C6DB82E5-93BC-4A67-8D37-2FA7BEBDDF29} = {C6DB82E5-93BC-4A67-8D37-2FA7BEBDDF29}
		{13A4F4FC-06D3-441F-B235-320D9C145BFA} = {13A4F4FC-06D3-441F-B235-320D9C145BFA}
	EndProjectSection
EndProject
Project("{8BC9CEB8-8B4A-11D0-8D11-00A0C91BC942}") = "Extensions", "..\Projects\Extensions\Extensions.vcproj", "{E4C9A60C-AA55-424F-8ABA-B82E60316724}"
	ProjectSection(ProjectDependencies) = postProject
		{C6DB82E5-93BC-4A67-8D37-2FA7BEBDDF29} = {C6DB82E5-93BC-4A67-8D37-2FA7BEBDDF29}
		{13A4F4FC-06D3-441F-B235-320D9C145BFA} = {13A4F4FC-06D3-441F-B235-320D9C145BFA}
	EndProjectSection
EndProject
Project("{8BC9CEB8-8B4A-11D0-8D11-00A0C91BC942}") = "odebugger", "..\Projects\odebugger\odebugger.vcproj", "{64729D9C-A0BA-4DBE-AC19-15FC85AFCB61}"
	ProjectSection(ProjectDependencies) = postProject
		{E4C9A60C-AA55-424F-8ABA-B82E60316724} = {E4C9A60C-AA55-424F-8ABA-B82E60316724}
		{C6DB82E5-93BC-4A67-8D37-2FA7BEBDDF29} = {C6DB82E5-93BC-4A67-8D37-2FA7BEBDDF29}
		{13A4F4FC-06D3-441F-B235-320D9C145BFA} = {13A4F4FC-06D3-441F-B235-320D9C145BFA}
	EndProjectSection
EndProject
Global
	GlobalSection(SolutionConfigurationPlatforms) = preSolution
		Debug|Win32 = Debug|Win32
		Release|Win32 = Release|Win32
	EndGlobalSection
	GlobalSection(ProjectConfigurationPlatforms) = postSolution
		{13A4F4FC-06D3-441F-B235-320D9C145BFA}.Debug|Win32.ActiveCfg = Debug|Win32
		{13A4F4FC-06D3-441F-B235-320D9C145BFA}.Debug|Win32.Build.0 = Debug|Win32
		{13A4F4FC-06D3-441F-B235-320D9C145BFA}.Release|Win32.ActiveCfg = Release|Win32
		{13A4F4FC-06D3-441F-B235-320D9C145BFA}.Release|Win32.Build.0 = Release|Win32
		{381A8136-0195-4A4F-BBCD-4AD754123425}.Debug|Win32.ActiveCfg = Debug|Win32
		{381A8136-0195-4A4F-BBCD-4AD754123425}.Debug|Win32.Build.0 = Debug|Win32
		{381A8136-0195-4A4F-BBCD-4AD754123425}.Release|Win32.ActiveCfg = Release|Win32
		{381A8136-0195-4A4F-BBCD-4AD754123425}.Release|Win32.Build.0 = Release|Win32
		{C6DB82E5-93BC-4A67-8D37-2FA7BEBDDF29}.Debug|Win32.ActiveCfg = Debug|Win32
		{C6DB82E5-93BC-4A67-8D37-2FA7BEBDDF29}.Debug|Win32.Build.0 = Debug|Win32
		{C6DB82E5-93BC-4A67-8D37-2FA7BEBDDF29}.Release|Win32.ActiveCfg = Release|Win32
		{C6DB82E5-93BC-4A67-8D37-2FA7BEBDDF29}.Release|Win32.Build.0 = Release|Win32
		{F60E42A5-1C6A-47E5-A040-977BE67C310D}.Debug|Win32.ActiveCfg = Debug|Win32
		{F60E42A5-1C6A-47E5-A040-977BE67C310D}.Debug|Win32.Build.0 = Debug|Win32
		{F60E42A5-1C6A-47E5-A040-977BE67C310D}.Release|Win32.ActiveCfg = Release|Win32
		{F60E42A5-1C6A-47E5-A040-977BE67C310D}.Release|Win32.Build.0 = Release|Win32
		{E4C9A60C-AA55-424F-8ABA-B82E60316724}.Debug|Win32.ActiveCfg = Debug|Win32
		{E4C9A60C-AA55-424F-8ABA-B82E60316724}.Debug|Win32.Build.0 = Debug|Win32
		{E4C9A60C-AA55-424F-8ABA-B82E60316724}.Release|Win32.ActiveCfg = Release|Win32
		{E4C9A60C-AA55-424F-8ABA-B82E60316724}.Release|Win32.Build.0 = Release|Win32
		{64729D9C-A0BA-4DBE-AC19-15FC85AFCB61}.Debug|Win32.ActiveCfg = Debug|Win32
		{64729D9C-A0BA-4DBE-AC19-15FC85AFCB61}.Debug|Win32.Build.0 = Debug|Win32
		{64729D9C-A0BA-4DBE-AC19-15FC85AFCB61}.Release|Win32.ActiveCfg = Release|Win32
		{64729D9C-A0BA-4DBE-AC19-15FC85AFCB61}.Release|Win32.Build.0 = Release|Win32
	EndGlobalSection
	GlobalSection(SolutionProperties) = preSolution
		HideSolutionNode = FALSE
	EndGlobalSection
EndGlobal
